PATH
  remote: D:/Projekte/workspace-rubymine/deferred_associations
  specs:
    deferred_associations (0.5.4)
      activerecord

GEM
  remote: https://rubygems.org/
  specs:
    activerecord (2.3.18)
      activesupport (= 2.3.18)
    activerecord-jdbc-adapter (1.2.2)
    activerecord-jdbcsqlite3-adapter (1.2.2)
      activerecord-jdbc-adapter (~> 1.2.2)
      jdbc-sqlite3 (~> 3.7.2)
    activesupport (2.3.18)
    bouncy-castle-java (1.5.0146.1)
    diff-lcs (1.1.3)
    jdbc-sqlite3 (3.7.2)
    jruby-openssl (0.7.6.1)
      bouncy-castle-java (>= 1.5.0146.1)
    rack (1.4.1)
    rspec (2.9.0)
      rspec-core (~> 2.9.0)
      rspec-expectations (~> 2.9.0)
      rspec-mocks (~> 2.9.0)
    rspec-core (2.9.0)
    rspec-expectations (2.9.0)
      diff-lcs (~> 1.1.3)
    rspec-mocks (2.9.0)
    rspec-rails (1.2.9)
      rack (>= 1.0.0)
      rspec (>= 1.2.9)
    sqlite3 (1.3.5)
    sqlite3 (1.3.5-x86-mingw32)

PLATFORMS
  java
  ruby
  x86-mingw32

DEPENDENCIES
  activerecord (= 2.3.18)
  activerecord-jdbcsqlite3-adapter
  deferred_associations!
  jruby-openssl
  rspec
  rspec-rails (= 1.2.9)
  sqlite3
